
Microsoft Visual Studio Solution File, Format Version 12.00
# Visual Studio Version 16
VisualStudioVersion = 16.0.29001.49
MinimumVisualStudioVersion = 10.0.40219.1
Project("{9A19103F-16F7-4668-BE54-9A1E7A4F7556}") = "PaymentContext.Application", "PaymentContext.Application\PaymentContext.Application.csproj", "{329DC196-6B34-4DBB-BAB3-D19113EDF33B}"
EndProject
Project("{9A19103F-16F7-4668-BE54-9A1E7A4F7556}") = "PaymentContext.CommandAPI.Host", "PaymentContext.CommandAPI.Host\PaymentContext.CommandAPI.Host.csproj", "{B8EEC080-4D09-4E01-90ED-F4519E8E1B6B}"
EndProject
Project("{9A19103F-16F7-4668-BE54-9A1E7A4F7556}") = "PaymentContext.Domain", "PaymentContext.Domain\PaymentContext.Domain.csproj", "{8D21132C-D5D2-4863-B5AE-F995C154DAC3}"
EndProject
Project("{9A19103F-16F7-4668-BE54-9A1E7A4F7556}") = "PaymentContext.IntegrationEvents", "PaymentContext.IntegrationEvents\PaymentContext.IntegrationEvents.csproj", "{4F63E0B6-041A-43EA-96BF-B4B347266BAF}"
EndProject
Project("{9A19103F-16F7-4668-BE54-9A1E7A4F7556}") = "PaymentContext.Projections", "PaymentContext.Projections\PaymentContext.Projections.csproj", "{10D93F35-6029-4B5E-8BAD-6CC0AF2FD10F}"
EndProject
Project("{9A19103F-16F7-4668-BE54-9A1E7A4F7556}") = "PaymentContext.TelemetryListener", "PaymentContext.TelemetryListener\PaymentContext.TelemetryListener.csproj", "{793D3FD3-67BB-43EC-915B-5DCEE25EB673}"
EndProject
Global
	GlobalSection(SolutionConfigurationPlatforms) = preSolution
		Debug|Any CPU = Debug|Any CPU
		Release|Any CPU = Release|Any CPU
	EndGlobalSection
	GlobalSection(ProjectConfigurationPlatforms) = postSolution
		{329DC196-6B34-4DBB-BAB3-D19113EDF33B}.Debug|Any CPU.ActiveCfg = Debug|Any CPU
		{329DC196-6B34-4DBB-BAB3-D19113EDF33B}.Debug|Any CPU.Build.0 = Debug|Any CPU
		{329DC196-6B34-4DBB-BAB3-D19113EDF33B}.Release|Any CPU.ActiveCfg = Release|Any CPU
		{329DC196-6B34-4DBB-BAB3-D19113EDF33B}.Release|Any CPU.Build.0 = Release|Any CPU
		{B8EEC080-4D09-4E01-90ED-F4519E8E1B6B}.Debug|Any CPU.ActiveCfg = Debug|Any CPU
		{B8EEC080-4D09-4E01-90ED-F4519E8E1B6B}.Debug|Any CPU.Build.0 = Debug|Any CPU
		{B8EEC080-4D09-4E01-90ED-F4519E8E1B6B}.Release|Any CPU.ActiveCfg = Release|Any CPU
		{B8EEC080-4D09-4E01-90ED-F4519E8E1B6B}.Release|Any CPU.Build.0 = Release|Any CPU
		{8D21132C-D5D2-4863-B5AE-F995C154DAC3}.Debug|Any CPU.ActiveCfg = Debug|Any CPU
		{8D21132C-D5D2-4863-B5AE-F995C154DAC3}.Debug|Any CPU.Build.0 = Debug|Any CPU
		{8D21132C-D5D2-4863-B5AE-F995C154DAC3}.Release|Any CPU.ActiveCfg = Release|Any CPU
		{8D21132C-D5D2-4863-B5AE-F995C154DAC3}.Release|Any CPU.Build.0 = Release|Any CPU
		{4F63E0B6-041A-43EA-96BF-B4B347266BAF}.Debug|Any CPU.ActiveCfg = Debug|Any CPU
		{4F63E0B6-041A-43EA-96BF-B4B347266BAF}.Debug|Any CPU.Build.0 = Debug|Any CPU
		{4F63E0B6-041A-43EA-96BF-B4B347266BAF}.Release|Any CPU.ActiveCfg = Release|Any CPU
		{4F63E0B6-041A-43EA-96BF-B4B347266BAF}.Release|Any CPU.Build.0 = Release|Any CPU
		{10D93F35-6029-4B5E-8BAD-6CC0AF2FD10F}.Debug|Any CPU.ActiveCfg = Debug|Any CPU
		{10D93F35-6029-4B5E-8BAD-6CC0AF2FD10F}.Debug|Any CPU.Build.0 = Debug|Any CPU
		{10D93F35-6029-4B5E-8BAD-6CC0AF2FD10F}.Release|Any CPU.ActiveCfg = Release|Any CPU
		{10D93F35-6029-4B5E-8BAD-6CC0AF2FD10F}.Release|Any CPU.Build.0 = Release|Any CPU
		{793D3FD3-67BB-43EC-915B-5DCEE25EB673}.Debug|Any CPU.ActiveCfg = Debug|Any CPU
		{793D3FD3-67BB-43EC-915B-5DCEE25EB673}.Debug|Any CPU.Build.0 = Debug|Any CPU
		{793D3FD3-67BB-43EC-915B-5DCEE25EB673}.Release|Any CPU.ActiveCfg = Release|Any CPU
		{793D3FD3-67BB-43EC-915B-5DCEE25EB673}.Release|Any CPU.Build.0 = Release|Any CPU
	EndGlobalSection
	GlobalSection(SolutionProperties) = preSolution
		HideSolutionNode = FALSE
	EndGlobalSection
	GlobalSection(ExtensibilityGlobals) = postSolution
		SolutionGuid = {06F301AE-6138-4A4C-8431-2EFF2C2680D5}
	EndGlobalSection
EndGlobal
